{
    "_readme": [
        "This file locks the dependencies of your project to a known state",
        "Read more about it at https://getcomposer.org/doc/01-basic-usage.md#installing-dependencies",
        "This file is @generated automatically"
    ],
    "content-hash": "a42924f3b5b8aa70e46d2821146c3f3a",
    "packages": [
        {
            "name": "refkinscallv/crypto",
            "version": "1.0.1",
            "source": {
                "type": "git",
                "url": "https://github.com/refkinscallv/crypto.git",
                "reference": "a9f9f6d63495caa5943c1b820aba7cb1293740c5"
            },
            "dist": {
                "type": "zip",
                "url": "https://api.github.com/repos/refkinscallv/crypto/zipball/a9f9f6d63495caa5943c1b820aba7cb1293740c5",
                "reference": "a9f9f6d63495caa5943c1b820aba7cb1293740c5",
                "shasum": ""
            },
            "type": "library",
            "autoload": {
                "psr-4": {
                    "RF\\Crypto\\": "src/"
                }
            },
            "notification-url": "https://packagist.org/downloads/",
            "license": [
                "MIT"
            ],
            "authors": [
                {
                    "name": "Refkinscallv",
                    "email": "refkinscallv@gmail.com"
                }
            ],
            "description": "PHP Cryptographic Library",
            "support": {
                "issues": "https://github.com/refkinscallv/crypto/issues",
                "source": "https://github.com/refkinscallv/crypto/tree/1.0.1"
            },
            "time": "2024-08-18T09:10:48+00:00"
        }
    ],
    "packages-dev": [],
    "aliases": [],
    "minimum-stability": "stable",
    "stability-flags": [],
    "prefer-stable": false,
    "prefer-lowest": false,
    "platform": [],
    "platform-dev": [],
    "plugin-api-version": "2.6.0"
}
